
Microsoft Visual Studio Solution File, Format Version 12.00
# Visual Studio Version 17
VisualStudioVersion = 17.9.34701.34
MinimumVisualStudioVersion = 10.0.40219.1
Project("{8BC9CEB8-8B4A-11D0-8D11-00A0C91BC942}") = "CreatorLib", "CreatorLib\CreatorLib.vcxproj", "{B29CF090-0821-42D3-BB5F-D7D056F9BB41}"
EndProject
Project("{8BC9CEB8-8B4A-11D0-8D11-00A0C91BC942}") = "Example", "Example\Example.vcxproj", "{6934497D-7137-42D5-928F-4F6FF9D175F1}"
EndProject
Global
	GlobalSection(SolutionConfigurationPlatforms) = preSolution
		Debug|ARM = Debug|ARM
		Debug|ARM64 = Debug|ARM64
		Debug|x64 = Debug|x64
		Debug|x86 = Debug|x86
		Release|ARM = Release|ARM
		Release|ARM64 = Release|ARM64
		Release|x64 = Release|x64
		Release|x86 = Release|x86
	EndGlobalSection
	GlobalSection(ProjectConfigurationPlatforms) = postSolution
		{B29CF090-0821-42D3-BB5F-D7D056F9BB41}.Debug|ARM.ActiveCfg = Debug|ARM
		{B29CF090-0821-42D3-BB5F-D7D056F9BB41}.Debug|ARM.Build.0 = Debug|ARM
		{B29CF090-0821-42D3-BB5F-D7D056F9BB41}.Debug|ARM64.ActiveCfg = Debug|ARM64
		{B29CF090-0821-42D3-BB5F-D7D056F9BB41}.Debug|ARM64.Build.0 = Debug|ARM64
		{B29CF090-0821-42D3-BB5F-D7D056F9BB41}.Debug|x64.ActiveCfg = Debug|x64
		{B29CF090-0821-42D3-BB5F-D7D056F9BB41}.Debug|x64.Build.0 = Debug|x64
		{B29CF090-0821-42D3-BB5F-D7D056F9BB41}.Debug|x86.ActiveCfg = Debug|Win32
		{B29CF090-0821-42D3-BB5F-D7D056F9BB41}.Debug|x86.Build.0 = Debug|Win32
		{B29CF090-0821-42D3-BB5F-D7D056F9BB41}.Release|ARM.ActiveCfg = Release|ARM
		{B29CF090-0821-42D3-BB5F-D7D056F9BB41}.Release|ARM.Build.0 = Release|ARM
		{B29CF090-0821-42D3-BB5F-D7D056F9BB41}.Release|ARM64.ActiveCfg = Release|ARM64
		{B29CF090-0821-42D3-BB5F-D7D056F9BB41}.Release|ARM64.Build.0 = Release|ARM64
		{B29CF090-0821-42D3-BB5F-D7D056F9BB41}.Release|x64.ActiveCfg = Release|x64
		{B29CF090-0821-42D3-BB5F-D7D056F9BB41}.Release|x64.Build.0 = Release|x64
		{B29CF090-0821-42D3-BB5F-D7D056F9BB41}.Release|x86.ActiveCfg = Release|Win32
		{B29CF090-0821-42D3-BB5F-D7D056F9BB41}.Release|x86.Build.0 = Release|Win32
		{6934497D-7137-42D5-928F-4F6FF9D175F1}.Debug|ARM.ActiveCfg = Debug|x64
		{6934497D-7137-42D5-928F-4F6FF9D175F1}.Debug|ARM.Build.0 = Debug|x64
		{6934497D-7137-42D5-928F-4F6FF9D175F1}.Debug|ARM64.ActiveCfg = Debug|x64
		{6934497D-7137-42D5-928F-4F6FF9D175F1}.Debug|ARM64.Build.0 = Debug|x64
		{6934497D-7137-42D5-928F-4F6FF9D175F1}.Debug|x64.ActiveCfg = Debug|x64
		{6934497D-7137-42D5-928F-4F6FF9D175F1}.Debug|x64.Build.0 = Debug|x64
		{6934497D-7137-42D5-928F-4F6FF9D175F1}.Debug|x86.ActiveCfg = Debug|Win32
		{6934497D-7137-42D5-928F-4F6FF9D175F1}.Debug|x86.Build.0 = Debug|Win32
		{6934497D-7137-42D5-928F-4F6FF9D175F1}.Release|ARM.ActiveCfg = Release|x64
		{6934497D-7137-42D5-928F-4F6FF9D175F1}.Release|ARM.Build.0 = Release|x64
		{6934497D-7137-42D5-928F-4F6FF9D175F1}.Release|ARM64.ActiveCfg = Release|x64
		{6934497D-7137-42D5-928F-4F6FF9D175F1}.Release|ARM64.Build.0 = Release|x64
		{6934497D-7137-42D5-928F-4F6FF9D175F1}.Release|x64.ActiveCfg = Release|x64
		{6934497D-7137-42D5-928F-4F6FF9D175F1}.Release|x64.Build.0 = Release|x64
		{6934497D-7137-42D5-928F-4F6FF9D175F1}.Release|x86.ActiveCfg = Release|Win32
		{6934497D-7137-42D5-928F-4F6FF9D175F1}.Release|x86.Build.0 = Release|Win32
	EndGlobalSection
	GlobalSection(SolutionProperties) = preSolution
		HideSolutionNode = FALSE
	EndGlobalSection
	GlobalSection(ExtensibilityGlobals) = postSolution
		SolutionGuid = {93BC0530-FEE1-4B6B-8D35-2338085CB935}
	EndGlobalSection
EndGlobal
